
Microsoft Visual Studio Solution File, Format Version 12.00
# Visual Studio Version 16
VisualStudioVersion = 16.0.31515.178
MinimumVisualStudioVersion = 10.0.40219.1
Project("{F2A71F9B-5D33-465A-A702-920D77279786}") = "ImageGallery", "ImageGallery\ImageGallery.fsproj", "{FD5F13EF-7778-4A0A-BAE8-5F724563FA66}"
EndProject
Global
	GlobalSection(SolutionConfigurationPlatforms) = preSolution
		Debug|Any CPU = Debug|Any CPU
		Release|Any CPU = Release|Any CPU
	EndGlobalSection
	GlobalSection(ProjectConfigurationPlatforms) = postSolution
		{FD5F13EF-7778-4A0A-BAE8-5F724563FA66}.Debug|Any CPU.ActiveCfg = Debug|Any CPU
		{FD5F13EF-7778-4A0A-BAE8-5F724563FA66}.Debug|Any CPU.Build.0 = Debug|Any CPU
		{FD5F13EF-7778-4A0A-BAE8-5F724563FA66}.Debug|Any CPU.Deploy.0 = Debug|Any CPU
		{FD5F13EF-7778-4A0A-BAE8-5F724563FA66}.Release|Any CPU.ActiveCfg = Release|Any CPU
		{FD5F13EF-7778-4A0A-BAE8-5F724563FA66}.Release|Any CPU.Build.0 = Release|Any CPU
		{FD5F13EF-7778-4A0A-BAE8-5F724563FA66}.Release|Any CPU.Deploy.0 = Release|Any CPU
	EndGlobalSection
	GlobalSection(SolutionProperties) = preSolution
		HideSolutionNode = FALSE
	EndGlobalSection
	GlobalSection(ExtensibilityGlobals) = postSolution
		SolutionGuid = {BFDB7975-89B1-4DB6-BCFF-5DDA7A124367}
	EndGlobalSection
EndGlobal
