
Microsoft Visual Studio Solution File, Format Version 12.00
# Visual Studio Version 16
VisualStudioVersion = 16.0.31515.178
MinimumVisualStudioVersion = 10.0.40219.1
Project("{6EC3EE1D-3C4E-46DD-8F32-0CC8E7565705}") = "EdgeASketch", "EdgeASketch\EdgeASketch.fsproj", "{43A4238C-10F2-44EC-8DF5-38A08F929D07}"
EndProject
Global
	GlobalSection(SolutionConfigurationPlatforms) = preSolution
		Debug|Any CPU = Debug|Any CPU
		Release|Any CPU = Release|Any CPU
	EndGlobalSection
	GlobalSection(ProjectConfigurationPlatforms) = postSolution
		{43A4238C-10F2-44EC-8DF5-38A08F929D07}.Debug|Any CPU.ActiveCfg = Debug|Any CPU
		{43A4238C-10F2-44EC-8DF5-38A08F929D07}.Debug|Any CPU.Build.0 = Debug|Any CPU
		{43A4238C-10F2-44EC-8DF5-38A08F929D07}.Debug|Any CPU.Deploy.0 = Debug|Any CPU
		{43A4238C-10F2-44EC-8DF5-38A08F929D07}.Release|Any CPU.ActiveCfg = Release|Any CPU
		{43A4238C-10F2-44EC-8DF5-38A08F929D07}.Release|Any CPU.Build.0 = Release|Any CPU
		{43A4238C-10F2-44EC-8DF5-38A08F929D07}.Release|Any CPU.Deploy.0 = Release|Any CPU
	EndGlobalSection
	GlobalSection(SolutionProperties) = preSolution
		HideSolutionNode = FALSE
	EndGlobalSection
	GlobalSection(ExtensibilityGlobals) = postSolution
		SolutionGuid = {A0C86BF7-FDA0-4CBE-BCD3-E9973ABD3816}
	EndGlobalSection
EndGlobal
